{
  "pins" : [
    {
      "identity" : "alamofire",
      "kind" : "remoteSourceControl",
      "location" : "https://github.com/Alamofire/Alamofire",
      "state" : {
        "revision" : "513364f870f6bfc468f9d2ff0a95caccc10044c5",
        "version" : "5.10.2"
      }
    },
    {
      "identity" : "atlantis",
      "kind" : "remoteSourceControl",
      "location" : "https://github.com/ProxymanApp/atlantis",
      "state" : {
        "revision" : "92ca545af63a4ff96eaeb8a662ffea29e1f47f08",
        "version" : "1.28.0"
      }
    },
    {
      "identity" : "cocoalumberjack",
      "kind" : "remoteSourceControl",
      "location" : "https://github.com/CocoaLumberjack/CocoaLumberjack.git",
      "state" : {
        "revision" : "4b8714a7fb84d42393314ce897127b3939885ec3",
        "version" : "3.8.5"
      }
    },
    {
      "identity" : "ios-bug-tracker",
      "kind" : "remoteSourceControl",
      "location" : "https://github.com/Infomaniak/ios-bug-tracker",
      "state" : {
        "revision" : "a16f6cd80dd88c0aa20e19370b6deb1062bb98a6",
        "version" : "10.0.1"
      }
    },
    {
      "identity" : "ios-core",
      "kind" : "remoteSourceControl",
      "location" : "https://github.com/Infomaniak/ios-core",
      "state" : {
        "revision" : "df97b17e5a4f0117b53ea76c847831745e0d862c",
        "version" : "15.3.0"
      }
    },
    {
      "identity" : "ios-core-ui",
      "kind" : "remoteSourceControl",
      "location" : "https://github.com/Infomaniak/ios-core-ui",
      "state" : {
        "revision" : "23ca340bedafa8505c9e20ab0fbf2a11df890319",
        "version" : "18.8.0"
      }
    },
    {
      "identity" : "ios-create-account",
      "kind" : "remoteSourceControl",
      "location" : "https://github.com/Infomaniak/ios-create-account",
      "state" : {
        "revision" : "a1ff405d77a2195e11202f5c7727020b839473ea",
        "version" : "17.0.0"
      }
    },
    {
      "identity" : "ios-dependency-injection",
      "kind" : "remoteSourceControl",
      "location" : "https://github.com/Infomaniak/ios-dependency-injection",
      "state" : {
        "revision" : "86f3b77f71547b7778d2819d4d1c2d77847f2069",
        "version" : "2.0.4"
      }
    },
    {
      "identity" : "ios-features",
      "kind" : "remoteSourceControl",
      "location" : "https://github.com/Infomaniak/ios-features",
      "state" : {
        "revision" : "8b1be6ee5c0b5f100c31f8c6dcd85cb8b78001a1",
        "version" : "1.1.0"
      }
    },
    {
      "identity" : "ios-login",
      "kind" : "remoteSourceControl",
      "location" : "https://github.com/Infomaniak/ios-login",
      "state" : {
        "revision" : "d3c8fa9dd7ea7e44a1a741b58d1036d4a7989588",
        "version" : "7.2.0"
      }
    },
    {
      "identity" : "ios-notifications",
      "kind" : "remoteSourceControl",
      "location" : "https://github.com/Infomaniak/ios-notifications",
      "state" : {
        "revision" : "e68993b13c98035baa2d553510deeef6dd962391",
        "version" : "11.0.0"
      }
    },
    {
      "identity" : "ios-onboarding",
      "kind" : "remoteSourceControl",
      "location" : "https://github.com/Infomaniak/ios-onboarding",
      "state" : {
        "revision" : "aeec72fba628a17e868e8fcecea6134c35a0ebf2",
        "version" : "1.2.2"
      }
    },
    {
      "identity" : "ios-version-checker",
      "kind" : "remoteSourceControl",
      "location" : "https://github.com/Infomaniak/ios-version-checker",
      "state" : {
        "revision" : "10062ab6de4c439fe69874de362c487c5f3e994c",
        "version" : "10.1.3"
      }
    },
    {
      "identity" : "kingfisher",
      "kind" : "remoteSourceControl",
      "location" : "https://github.com/onevcat/Kingfisher",
      "state" : {
        "revision" : "2ef543ee21d63734e1c004ad6c870255e8716c50",
        "version" : "7.12.0"
      }
    },
    {
      "identity" : "lottie-spm",
      "kind" : "remoteSourceControl",
      "location" : "https://github.com/airbnb/lottie-spm.git",
      "state" : {
        "revision" : "8c6edf4f0fa84fe9c058600a4295eb0c01661c69",
        "version" : "4.5.1"
      }
    },
    {
      "identity" : "matomo-sdk-ios",
      "kind" : "remoteSourceControl",
      "location" : "https://github.com/matomo-org/matomo-sdk-ios",
      "state" : {
        "revision" : "82a1f3b18215381e2133d98b7cc09b5a855ff99d",
        "version" : "7.7.0"
      }
    },
    {
      "identity" : "navigationbackport",
      "kind" : "remoteSourceControl",
      "location" : "https://github.com/johnpatrickmorgan/NavigationBackport",
      "state" : {
        "revision" : "5a966a6010dcc6575a1931ca577b8ab19008166d",
        "version" : "0.11.3"
      }
    },
    {
      "identity" : "nuke",
      "kind" : "remoteSourceControl",
      "location" : "https://github.com/kean/Nuke",
      "state" : {
        "revision" : "0ead44350d2737db384908569c012fe67c421e4d",
        "version" : "12.8.0"
      }
    },
    {
      "identity" : "osinfo",
      "kind" : "remoteSourceControl",
      "location" : "https://github.com/MarcoEidinger/OSInfo.git",
      "state" : {
        "revision" : "fa5164afc8ef56c3069728629647f140c03933f5",
        "version" : "1.0.2"
      }
    },
    {
      "identity" : "popovers",
      "kind" : "remoteSourceControl",
      "location" : "https://github.com/aheze/Popovers",
      "state" : {
        "revision" : "de44c4dd7271ec6413fe350f7efadb14e5e18dce",
        "version" : "1.3.2"
      }
    },
    {
      "identity" : "realm-core",
      "kind" : "remoteSourceControl",
      "location" : "https://github.com/realm/realm-core.git",
      "state" : {
        "revision" : "cccb3ca9e26ec452a29f2f0d4050d1e38b8a3d43",
        "version" : "14.14.0"
      }
    },
    {
      "identity" : "realm-swift",
      "kind" : "remoteSourceControl",
      "location" : "https://github.com/realm/realm-swift",
      "state" : {
        "revision" : "d94d44781167fbb8d7a46fb181e784a6446ca5c1",
        "version" : "10.54.4"
      }
    },
    {
      "identity" : "sentry-cocoa",
      "kind" : "remoteSourceControl",
      "location" : "https://github.com/getsentry/sentry-cocoa",
      "state" : {
        "revision" : "11aee2d3efdd74db8ce51533118500d140210292",
        "version" : "8.51.0"
      }
    },
    {
      "identity" : "snackbar.swift",
      "kind" : "remoteSourceControl",
      "location" : "https://github.com/Infomaniak/SnackBar.swift",
      "state" : {
        "revision" : "7d8d20af50c6b744aa9791b597f7efbd0a15add2",
        "version" : "1.2.0"
      }
    },
    {
      "identity" : "snapkit",
      "kind" : "remoteSourceControl",
      "location" : "https://github.com/SnapKit/SnapKit.git",
      "state" : {
        "revision" : "2842e6e84e82eb9a8dac0100ca90d9444b0307f4",
        "version" : "5.7.1"
      }
    },
    {
      "identity" : "svgkit",
      "kind" : "remoteSourceControl",
      "location" : "https://github.com/SVGKit/SVGKit.git",
      "state" : {
        "branch" : "3.x",
        "revision" : "026d2168d07b621e4701a8b2aac6c1eaf05c1df5"
      }
    },
    {
      "identity" : "swift-algorithms",
      "kind" : "remoteSourceControl",
      "location" : "https://github.com/apple/swift-algorithms",
      "state" : {
        "revision" : "87e50f483c54e6efd60e885f7f5aa946cee68023",
        "version" : "1.2.1"
      }
    },
    {
      "identity" : "swift-collections",
      "kind" : "remoteSourceControl",
      "location" : "https://github.com/apple/swift-collections",
      "state" : {
        "revision" : "c1805596154bb3a265fd91b8ac0c4433b4348fb0",
        "version" : "1.2.0"
      }
    },
    {
      "identity" : "swift-concurrency",
      "kind" : "remoteSourceControl",
      "location" : "https://github.com/Infomaniak/swift-concurrency",
      "state" : {
        "revision" : "97ae7c9b998a43812d3f57ae106cb447a853bf3b",
        "version" : "1.0.0"
      }
    },
    {
      "identity" : "swift-log",
      "kind" : "remoteSourceControl",
      "location" : "https://github.com/apple/swift-log",
      "state" : {
        "revision" : "3d8596ed08bd13520157f0355e35caed215ffbfa",
        "version" : "1.6.3"
      }
    },
    {
      "identity" : "swift-modal-presentation",
      "kind" : "remoteSourceControl",
      "location" : "https://github.com/Infomaniak/swift-modal-presentation",
      "state" : {
        "revision" : "a1a390be6808466c2ed6081cbf728b2fafb94345",
        "version" : "1.0.0"
      }
    },
    {
      "identity" : "swift-numerics",
      "kind" : "remoteSourceControl",
      "location" : "https://github.com/apple/swift-numerics.git",
      "state" : {
        "revision" : "e0ec0f5f3af6f3e4d5e7a19d2af26b481acb6ba8",
        "version" : "1.0.3"
      }
    },
    {
      "identity" : "swift-rich-html-editor",
      "kind" : "remoteSourceControl",
      "location" : "https://github.com/Infomaniak/swift-rich-html-editor.git",
      "state" : {
        "revision" : "d4e8bd9b1bf62bd2a7ad81ce4e94170b2d6f7ab7",
        "version" : "1.4.1"
      }
    },
    {
      "identity" : "swiftbackports",
      "kind" : "remoteSourceControl",
      "location" : "https://github.com/shaps80/SwiftBackports",
      "state" : {
        "revision" : "ddca6a237c1ba2291d5a3cc47ec8480ce6e9f805",
        "version" : "1.0.3"
      }
    },
    {
      "identity" : "swifter",
      "kind" : "remoteSourceControl",
      "location" : "https://github.com/httpswift/swifter",
      "state" : {
        "revision" : "9483a5d459b45c3ffd059f7b55f9638e268632fd",
        "version" : "1.5.0"
      }
    },
    {
      "identity" : "swiftregex",
      "kind" : "remoteSourceControl",
      "location" : "https://github.com/flowbe/SwiftRegex",
      "state" : {
        "revision" : "d8c4846dfbbe04aa8196ae5a5a3cdc6cd7f9f6bc",
        "version" : "1.0.0"
      }
    },
    {
      "identity" : "swiftsoup",
      "kind" : "remoteSourceControl",
      "location" : "https://github.com/Infomaniak/SwiftSoup",
      "state" : {
        "revision" : "411f38a50587ae27544c8dca1d9881871d402b93",
        "version" : "1.3.0"
      }
    },
    {
      "identity" : "swiftui-introspect",
      "kind" : "remoteSourceControl",
      "location" : "https://github.com/siteline/SwiftUI-Introspect",
      "state" : {
        "revision" : "807f73ce09a9b9723f12385e592b4e0aaebd3336",
        "version" : "1.3.0"
      }
    },
    {
      "identity" : "swiftui-shimmer",
      "kind" : "remoteSourceControl",
      "location" : "https://github.com/markiv/SwiftUI-Shimmer",
      "state" : {
        "revision" : "0226e21f9bf355d40e07e5f5e1c33679d50e167f",
        "version" : "1.5.1"
      }
    },
    {
      "identity" : "swiftuibackports",
      "kind" : "remoteSourceControl",
      "location" : "https://github.com/shaps80/SwiftUIBackports",
      "state" : {
        "revision" : "556d42f391b74059a354b81b8c8e19cc7cb576f4",
        "version" : "1.15.1"
      }
    },
    {
      "identity" : "wrappinghstack",
      "kind" : "remoteSourceControl",
      "location" : "https://github.com/dkk/WrappingHStack",
      "state" : {
        "revision" : "425d9488ba55f58f0b34498c64c054c77fc2a44b",
        "version" : "2.2.11"
      }
    }
  ],
  "version" : 2
}
