{
  "pins" : [
    {
      "identity" : "alamofire",
      "kind" : "remoteSourceControl",
      "location" : "https://github.com/Alamofire/Alamofire",
      "state" : {
        "revision" : "7be73f6c2b5cd90e40798b06ebd5da8f9f79cf88",
        "version" : "5.11.0"
      }
    },
    {
      "identity" : "atlantis",
      "kind" : "remoteSourceControl",
      "location" : "https://github.com/ProxymanApp/atlantis",
      "state" : {
        "revision" : "a9fb8f7f5fe161ad56dc5169615f1870fcc4cd1b",
        "version" : "1.31.0"
      }
    },
    {
      "identity" : "elegant-emoji-picker",
      "kind" : "remoteSourceControl",
      "location" : "https://github.com/Infomaniak/Elegant-Emoji-Picker",
      "state" : {
        "revision" : "f5a3a70c362e20dfe16f42b1d2dea6e6ea52f832",
        "version" : "1.1.0"
      }
    },
    {
      "identity" : "ios-bug-tracker",
      "kind" : "remoteSourceControl",
      "location" : "https://github.com/Infomaniak/ios-bug-tracker",
      "state" : {
        "revision" : "18597dcd3a3585c352a25d847108ec6ce55518a1",
        "version" : "17.0.0"
      }
    },
    {
      "identity" : "ios-core",
      "kind" : "remoteSourceControl",
      "location" : "https://github.com/Infomaniak/ios-core",
      "state" : {
        "branch" : "fix/ReviewManager",
        "revision" : "81fdfe895d5feb81a669be9d4ba86e8a7b335316"
      }
    },
    {
      "identity" : "ios-core-ui",
      "kind" : "remoteSourceControl",
      "location" : "https://github.com/Infomaniak/ios-core-ui",
      "state" : {
        "branch" : "fix/AskForReviewView",
        "revision" : "34d9e2b7fb717a3fb287b49dea6ecb3ba7c9a7ac"
      }
    },
    {
      "identity" : "ios-create-account",
      "kind" : "remoteSourceControl",
      "location" : "https://github.com/Infomaniak/ios-create-account",
      "state" : {
        "revision" : "433480fee3ccf22a766078bf288efb6e85d2d881",
        "version" : "23.2.0"
      }
    },
    {
      "identity" : "ios-dependency-injection",
      "kind" : "remoteSourceControl",
      "location" : "https://github.com/Infomaniak/ios-dependency-injection",
      "state" : {
        "revision" : "f6aa8ebc6fe1311deb5eb5ec09ccc695ba84a265",
        "version" : "2.0.5"
      }
    },
    {
      "identity" : "ios-device-check",
      "kind" : "remoteSourceControl",
      "location" : "https://github.com/Infomaniak/ios-device-check",
      "state" : {
        "revision" : "d20a4959683e7c19faec674b1fd269e3167e5133",
        "version" : "1.1.1"
      }
    },
    {
      "identity" : "ios-features",
      "kind" : "remoteSourceControl",
      "location" : "https://github.com/Infomaniak/ios-features",
      "state" : {
        "revision" : "aa7a0c221a3b111011f95bc9e136b26fc047d721",
        "version" : "8.4.3"
      }
    },
    {
      "identity" : "ios-login",
      "kind" : "remoteSourceControl",
      "location" : "https://github.com/Infomaniak/ios-login",
      "state" : {
        "revision" : "3862e03c6c3305ec59d3171dc1152b179d59c334",
        "version" : "7.5.0"
      }
    },
    {
      "identity" : "ios-notifications",
      "kind" : "remoteSourceControl",
      "location" : "https://github.com/Infomaniak/ios-notifications",
      "state" : {
        "revision" : "bf0722c1392a783ac3e1fe2a69b10ae3e45350ff",
        "version" : "15.1.0"
      }
    },
    {
      "identity" : "ios-onboarding",
      "kind" : "remoteSourceControl",
      "location" : "https://github.com/Infomaniak/ios-onboarding",
      "state" : {
        "revision" : "ca793dc5613ae4fd67b209e3f5f0222e00a6da4d",
        "version" : "1.4.4"
      }
    },
    {
      "identity" : "ios-version-checker",
      "kind" : "remoteSourceControl",
      "location" : "https://github.com/Infomaniak/ios-version-checker",
      "state" : {
        "revision" : "ec1b031ef4115e80e79216b9127d3f6d87e949a6",
        "version" : "16.0.0"
      }
    },
    {
      "identity" : "lottie-spm",
      "kind" : "remoteSourceControl",
      "location" : "https://github.com/airbnb/lottie-spm",
      "state" : {
        "revision" : "69faaefa7721fba9e434a52c16adf4329c9084db",
        "version" : "4.6.0"
      }
    },
    {
      "identity" : "matomo-sdk-ios",
      "kind" : "remoteSourceControl",
      "location" : "https://github.com/matomo-org/matomo-sdk-ios",
      "state" : {
        "revision" : "f140afcb7cedebdcbf8b8230fdd822b4b61e3685",
        "version" : "7.8.0"
      }
    },
    {
      "identity" : "navigationbackport",
      "kind" : "remoteSourceControl",
      "location" : "https://github.com/johnpatrickmorgan/NavigationBackport",
      "state" : {
        "revision" : "5baf99855f6a0a02022f9b479cc41ad99a8e070c",
        "version" : "0.11.5"
      }
    },
    {
      "identity" : "nuke",
      "kind" : "remoteSourceControl",
      "location" : "https://github.com/kean/Nuke",
      "state" : {
        "revision" : "0ead44350d2737db384908569c012fe67c421e4d",
        "version" : "12.8.0"
      }
    },
    {
      "identity" : "osinfo",
      "kind" : "remoteSourceControl",
      "location" : "https://github.com/MarcoEidinger/OSInfo.git",
      "state" : {
        "revision" : "fa5164afc8ef56c3069728629647f140c03933f5",
        "version" : "1.0.2"
      }
    },
    {
      "identity" : "popovers",
      "kind" : "remoteSourceControl",
      "location" : "https://github.com/Infomaniak/Popovers",
      "state" : {
        "revision" : "9dcc7906ac04c24235650e04f9f2b46a0080341a",
        "version" : "1.3.3"
      }
    },
    {
      "identity" : "realm-core",
      "kind" : "remoteSourceControl",
      "location" : "https://github.com/realm/realm-core.git",
      "state" : {
        "revision" : "cccb3ca9e26ec452a29f2f0d4050d1e38b8a3d43",
        "version" : "14.14.0"
      }
    },
    {
      "identity" : "realm-swift",
      "kind" : "remoteSourceControl",
      "location" : "https://github.com/realm/realm-swift",
      "state" : {
        "revision" : "1c105d34f25af7851c5a3ff146be006de247a6b4",
        "version" : "10.54.6"
      }
    },
    {
      "identity" : "sentry-cocoa",
      "kind" : "remoteSourceControl",
      "location" : "https://github.com/getsentry/sentry-cocoa",
      "state" : {
        "revision" : "16cd512711375fa73f25ae5e373f596bdf4251ae",
        "version" : "8.58.0"
      }
    },
    {
      "identity" : "snackbar.swift",
      "kind" : "remoteSourceControl",
      "location" : "https://github.com/Infomaniak/SnackBar.swift",
      "state" : {
        "revision" : "7d8d20af50c6b744aa9791b597f7efbd0a15add2",
        "version" : "1.2.0"
      }
    },
    {
      "identity" : "snapkit",
      "kind" : "remoteSourceControl",
      "location" : "https://github.com/SnapKit/SnapKit.git",
      "state" : {
        "revision" : "2842e6e84e82eb9a8dac0100ca90d9444b0307f4",
        "version" : "5.7.1"
      }
    },
    {
      "identity" : "svgview",
      "kind" : "remoteSourceControl",
      "location" : "https://github.com/exyte/SVGView",
      "state" : {
        "revision" : "6465962facdd25cb96eaebc35603afa2f15d2c0d",
        "version" : "1.0.6"
      }
    },
    {
      "identity" : "swift-algorithms",
      "kind" : "remoteSourceControl",
      "location" : "https://github.com/apple/swift-algorithms",
      "state" : {
        "revision" : "87e50f483c54e6efd60e885f7f5aa946cee68023",
        "version" : "1.2.1"
      }
    },
    {
      "identity" : "swift-collections",
      "kind" : "remoteSourceControl",
      "location" : "https://github.com/apple/swift-collections",
      "state" : {
        "revision" : "7b847a3b7008b2dc2f47ca3110d8c782fb2e5c7e",
        "version" : "1.3.0"
      }
    },
    {
      "identity" : "swift-concurrency",
      "kind" : "remoteSourceControl",
      "location" : "https://github.com/Infomaniak/swift-concurrency",
      "state" : {
        "revision" : "97ae7c9b998a43812d3f57ae106cb447a853bf3b",
        "version" : "1.0.0"
      }
    },
    {
      "identity" : "swift-modal-presentation",
      "kind" : "remoteSourceControl",
      "location" : "https://github.com/Infomaniak/swift-modal-presentation",
      "state" : {
        "revision" : "febc32d164f2fb29086a1aa65f7d1d4efbe726a2",
        "version" : "1.1.0"
      }
    },
    {
      "identity" : "swift-numerics",
      "kind" : "remoteSourceControl",
      "location" : "https://github.com/apple/swift-numerics.git",
      "state" : {
        "revision" : "0c0290ff6b24942dadb83a929ffaaa1481df04a2",
        "version" : "1.1.1"
      }
    },
    {
      "identity" : "swift-rich-html-editor",
      "kind" : "remoteSourceControl",
      "location" : "https://github.com/Infomaniak/swift-rich-html-editor",
      "state" : {
        "revision" : "a220c80e55768e59081efcbfc7a95447197ea6c2",
        "version" : "3.0.0"
      }
    },
    {
      "identity" : "swiftbackports",
      "kind" : "remoteSourceControl",
      "location" : "https://github.com/shaps80/SwiftBackports",
      "state" : {
        "revision" : "ddca6a237c1ba2291d5a3cc47ec8480ce6e9f805",
        "version" : "1.0.3"
      }
    },
    {
      "identity" : "swifter",
      "kind" : "remoteSourceControl",
      "location" : "https://github.com/httpswift/swifter",
      "state" : {
        "revision" : "9483a5d459b45c3ffd059f7b55f9638e268632fd",
        "version" : "1.5.0"
      }
    },
    {
      "identity" : "swiftregex",
      "kind" : "remoteSourceControl",
      "location" : "https://github.com/flowbe/SwiftRegex",
      "state" : {
        "revision" : "d8c4846dfbbe04aa8196ae5a5a3cdc6cd7f9f6bc",
        "version" : "1.0.0"
      }
    },
    {
      "identity" : "swiftsoup",
      "kind" : "remoteSourceControl",
      "location" : "https://github.com/Infomaniak/SwiftSoup",
      "state" : {
        "revision" : "411f38a50587ae27544c8dca1d9881871d402b93",
        "version" : "1.3.0"
      }
    },
    {
      "identity" : "swiftui-introspect",
      "kind" : "remoteSourceControl",
      "location" : "https://github.com/siteline/SwiftUI-Introspect",
      "state" : {
        "revision" : "a08b87f96b41055577721a6e397562b21ad52454",
        "version" : "26.0.0"
      }
    },
    {
      "identity" : "swiftui-shimmer",
      "kind" : "remoteSourceControl",
      "location" : "https://github.com/markiv/SwiftUI-Shimmer",
      "state" : {
        "revision" : "0226e21f9bf355d40e07e5f5e1c33679d50e167f",
        "version" : "1.5.1"
      }
    },
    {
      "identity" : "swiftuibackports",
      "kind" : "remoteSourceControl",
      "location" : "https://github.com/shaps80/SwiftUIBackports",
      "state" : {
        "revision" : "556d42f391b74059a354b81b8c8e19cc7cb576f4",
        "version" : "1.15.1"
      }
    },
    {
      "identity" : "wrappinghstack",
      "kind" : "remoteSourceControl",
      "location" : "https://github.com/dkk/WrappingHStack",
      "state" : {
        "revision" : "425d9488ba55f58f0b34498c64c054c77fc2a44b",
        "version" : "2.2.11"
      }
    }
  ],
  "version" : 2
}
