{
  "pins" : [
    {
      "identity" : "alamofire",
      "kind" : "remoteSourceControl",
      "location" : "https://github.com/Alamofire/Alamofire",
      "state" : {
        "revision" : "f455c2975872ccd2d9c81594c658af65716e9b9a",
        "version" : "5.9.1"
      }
    },
    {
      "identity" : "atlantis",
      "kind" : "remoteSourceControl",
      "location" : "https://github.com/ProxymanApp/atlantis",
      "state" : {
        "revision" : "5145a7041ec71421d09653db87dcc80c81792004",
        "version" : "1.24.0"
      }
    },
    {
      "identity" : "cocoalumberjack",
      "kind" : "remoteSourceControl",
      "location" : "https://github.com/CocoaLumberjack/CocoaLumberjack",
      "state" : {
        "revision" : "4b8714a7fb84d42393314ce897127b3939885ec3",
        "version" : "3.8.5"
      }
    },
    {
      "identity" : "ios-bug-tracker",
      "kind" : "remoteSourceControl",
      "location" : "https://github.com/Infomaniak/ios-bug-tracker",
      "state" : {
        "revision" : "87f990917a8de59ef37768d0b14f75d4abfe8993",
        "version" : "6.0.0"
      }
    },
    {
      "identity" : "ios-core",
      "kind" : "remoteSourceControl",
      "location" : "https://github.com/Infomaniak/ios-core",
      "state" : {
        "revision" : "6c175294c2ff03c43eb7c9bd32ebd3a8c6448b0d",
        "version" : "11.0.0"
      }
    },
    {
      "identity" : "ios-core-ui",
      "kind" : "remoteSourceControl",
      "location" : "https://github.com/Infomaniak/ios-core-ui",
      "state" : {
        "revision" : "f6aa4a07a6668c86e9665be93cc6199c1dd64895",
        "version" : "10.0.0"
      }
    },
    {
      "identity" : "ios-create-account",
      "kind" : "remoteSourceControl",
      "location" : "https://github.com/Infomaniak/ios-create-account",
      "state" : {
        "revision" : "4379f1fc92d2db1a72eebbd69814562e671a7710",
        "version" : "9.0.0"
      }
    },
    {
      "identity" : "ios-dependency-injection",
      "kind" : "remoteSourceControl",
      "location" : "https://github.com/Infomaniak/ios-dependency-injection",
      "state" : {
        "revision" : "8dc9e67e6d3d9f4f5bd02d693a7ce1f93b125bcd",
        "version" : "2.0.1"
      }
    },
    {
      "identity" : "ios-login",
      "kind" : "remoteSourceControl",
      "location" : "https://github.com/Infomaniak/ios-login",
      "state" : {
        "revision" : "7214a97f73b9b19858d3b3139a2fe47be86e142e",
        "version" : "6.0.2"
      }
    },
    {
      "identity" : "ios-notifications",
      "kind" : "remoteSourceControl",
      "location" : "https://github.com/Infomaniak/ios-notifications",
      "state" : {
        "revision" : "b638cbf6f218ff7ebccd2aa219e69f3cf696d30a",
        "version" : "7.0.0"
      }
    },
    {
      "identity" : "ios-onboarding",
      "kind" : "remoteSourceControl",
      "location" : "https://github.com/Infomaniak/ios-onboarding",
      "state" : {
        "revision" : "85257ac8c76050acf057d37ff35fc9f8d0f82fda",
        "version" : "1.0.5"
      }
    },
    {
      "identity" : "ios-version-checker",
      "kind" : "remoteSourceControl",
      "location" : "https://github.com/Infomaniak/ios-version-checker",
      "state" : {
        "revision" : "c8fd02352bfc6bede63e41bdb21f2472f7bc1612",
        "version" : "6.0.0"
      }
    },
    {
      "identity" : "kingfisher",
      "kind" : "remoteSourceControl",
      "location" : "https://github.com/onevcat/Kingfisher",
      "state" : {
        "revision" : "2ef543ee21d63734e1c004ad6c870255e8716c50",
        "version" : "7.12.0"
      }
    },
    {
      "identity" : "lottie-spm",
      "kind" : "remoteSourceControl",
      "location" : "https://github.com/airbnb/lottie-spm.git",
      "state" : {
        "revision" : "b842598f1295f3ffa1475b1580672d1fe5b83580",
        "version" : "4.5.0"
      }
    },
    {
      "identity" : "matomo-sdk-ios",
      "kind" : "remoteSourceControl",
      "location" : "https://github.com/matomo-org/matomo-sdk-ios",
      "state" : {
        "revision" : "a8800d8725fb84bad6b7dea555075f961952bc0a",
        "version" : "7.6.0"
      }
    },
    {
      "identity" : "navigationbackport",
      "kind" : "remoteSourceControl",
      "location" : "https://github.com/johnpatrickmorgan/NavigationBackport",
      "state" : {
        "revision" : "d1759195a9be9f182b105b1ccaceff573218af6f",
        "version" : "0.9.4"
      }
    },
    {
      "identity" : "nuke",
      "kind" : "remoteSourceControl",
      "location" : "https://github.com/kean/Nuke",
      "state" : {
        "revision" : "0ead44350d2737db384908569c012fe67c421e4d",
        "version" : "12.8.0"
      }
    },
    {
      "identity" : "osinfo",
      "kind" : "remoteSourceControl",
      "location" : "https://github.com/MarcoEidinger/OSInfo.git",
      "state" : {
        "revision" : "54fd6673923ef5966268918152235b0e15ed057c",
        "version" : "1.0.1"
      }
    },
    {
      "identity" : "popovers",
      "kind" : "remoteSourceControl",
      "location" : "https://github.com/aheze/Popovers",
      "state" : {
        "revision" : "de44c4dd7271ec6413fe350f7efadb14e5e18dce",
        "version" : "1.3.2"
      }
    },
    {
      "identity" : "realm-core",
      "kind" : "remoteSourceControl",
      "location" : "https://github.com/realm/realm-core.git",
      "state" : {
        "revision" : "c2552e1d36867cb42b28130e894a81fc17081062",
        "version" : "14.12.0"
      }
    },
    {
      "identity" : "realm-swift",
      "kind" : "remoteSourceControl",
      "location" : "https://github.com/realm/realm-swift",
      "state" : {
        "revision" : "5221a83dc720823e3017493394d00d49ccf13446",
        "version" : "10.52.3"
      }
    },
    {
      "identity" : "sentry-cocoa",
      "kind" : "remoteSourceControl",
      "location" : "https://github.com/getsentry/sentry-cocoa",
      "state" : {
        "revision" : "f8d9bc344a052a26f51c8cecec93724b871ef36b",
        "version" : "8.33.0"
      }
    },
    {
      "identity" : "snackbar.swift",
      "kind" : "remoteSourceControl",
      "location" : "https://github.com/Infomaniak/SnackBar.swift",
      "state" : {
        "revision" : "7d8d20af50c6b744aa9791b597f7efbd0a15add2",
        "version" : "1.2.0"
      }
    },
    {
      "identity" : "snapkit",
      "kind" : "remoteSourceControl",
      "location" : "https://github.com/SnapKit/SnapKit.git",
      "state" : {
        "revision" : "2842e6e84e82eb9a8dac0100ca90d9444b0307f4",
        "version" : "5.7.1"
      }
    },
    {
      "identity" : "svgkit",
      "kind" : "remoteSourceControl",
      "location" : "https://github.com/SVGKit/SVGKit.git",
      "state" : {
        "branch" : "3.x",
        "revision" : "1b8a3cf210ab4681c18fbb62059bbdbb37dd649a"
      }
    },
    {
      "identity" : "swift-algorithms",
      "kind" : "remoteSourceControl",
      "location" : "https://github.com/apple/swift-algorithms",
      "state" : {
        "revision" : "f6919dfc309e7f1b56224378b11e28bab5bccc42",
        "version" : "1.2.0"
      }
    },
    {
      "identity" : "swift-concurrency",
      "kind" : "remoteSourceControl",
      "location" : "https://github.com/Infomaniak/swift-concurrency",
      "state" : {
        "revision" : "55fe7541cbfcfb4b73e7836b390e2c566a9ba910",
        "version" : "0.0.6"
      }
    },
    {
      "identity" : "swift-log",
      "kind" : "remoteSourceControl",
      "location" : "https://github.com/apple/swift-log",
      "state" : {
        "revision" : "9cb486020ebf03bfa5b5df985387a14a98744537",
        "version" : "1.6.1"
      }
    },
    {
      "identity" : "swift-modal-presentation",
      "kind" : "remoteSourceControl",
      "location" : "https://github.com/Infomaniak/swift-modal-presentation",
      "state" : {
        "revision" : "a1a390be6808466c2ed6081cbf728b2fafb94345",
        "version" : "1.0.0"
      }
    },
    {
      "identity" : "swift-numerics",
      "kind" : "remoteSourceControl",
      "location" : "https://github.com/apple/swift-numerics.git",
      "state" : {
        "revision" : "0a5bc04095a675662cf24757cc0640aa2204253b",
        "version" : "1.0.2"
      }
    },
    {
      "identity" : "swift-rich-html-editor",
      "kind" : "remoteSourceControl",
      "location" : "https://github.com/Infomaniak/swift-rich-html-editor.git",
      "state" : {
        "revision" : "eba94eddbb0a0e57ee78227ef790e7ecc02148ce",
        "version" : "1.2.0"
      }
    },
    {
      "identity" : "swift-syntax",
      "kind" : "remoteSourceControl",
      "location" : "https://github.com/apple/swift-syntax",
      "state" : {
        "revision" : "2bc86522d115234d1f588efe2bcb4ce4be8f8b82",
        "version" : "510.0.3"
      }
    },
    {
      "identity" : "swiftbackports",
      "kind" : "remoteSourceControl",
      "location" : "https://github.com/shaps80/SwiftBackports",
      "state" : {
        "revision" : "ddca6a237c1ba2291d5a3cc47ec8480ce6e9f805",
        "version" : "1.0.3"
      }
    },
    {
      "identity" : "swifter",
      "kind" : "remoteSourceControl",
      "location" : "https://github.com/httpswift/swifter",
      "state" : {
        "revision" : "9483a5d459b45c3ffd059f7b55f9638e268632fd",
        "version" : "1.5.0"
      }
    },
    {
      "identity" : "swiftregex",
      "kind" : "remoteSourceControl",
      "location" : "https://github.com/flowbe/SwiftRegex",
      "state" : {
        "revision" : "d8c4846dfbbe04aa8196ae5a5a3cdc6cd7f9f6bc",
        "version" : "1.0.0"
      }
    },
    {
      "identity" : "swiftsoup",
      "kind" : "remoteSourceControl",
      "location" : "https://github.com/Infomaniak/SwiftSoup",
      "state" : {
        "revision" : "6ebcbe3c5598e52303884dd5ba32eed1f3c96b0b",
        "version" : "1.2.0"
      }
    },
    {
      "identity" : "swiftui-introspect",
      "kind" : "remoteSourceControl",
      "location" : "https://github.com/siteline/SwiftUI-Introspect",
      "state" : {
        "revision" : "807f73ce09a9b9723f12385e592b4e0aaebd3336",
        "version" : "1.3.0"
      }
    },
    {
      "identity" : "swiftui-macros",
      "kind" : "remoteSourceControl",
      "location" : "https://github.com/Wouter01/SwiftUI-Macros.git",
      "state" : {
        "revision" : "a7d9eeaec29c2d46fa1ada18f3a54a13ddf043b0",
        "version" : "1.2.0"
      }
    },
    {
      "identity" : "swiftui-shimmer",
      "kind" : "remoteSourceControl",
      "location" : "https://github.com/markiv/SwiftUI-Shimmer",
      "state" : {
        "revision" : "e3aa4226b0fafe345ca1c920f516b6a2f3e0aacc",
        "version" : "1.5.0"
      }
    },
    {
      "identity" : "swiftuibackports",
      "kind" : "remoteSourceControl",
      "location" : "https://github.com/shaps80/SwiftUIBackports",
      "state" : {
        "revision" : "556d42f391b74059a354b81b8c8e19cc7cb576f4",
        "version" : "1.15.1"
      }
    },
    {
      "identity" : "wrappinghstack",
      "kind" : "remoteSourceControl",
      "location" : "https://github.com/dkk/WrappingHStack",
      "state" : {
        "revision" : "425d9488ba55f58f0b34498c64c054c77fc2a44b",
        "version" : "2.2.11"
      }
    }
  ],
  "version" : 2
}
